<?xml version="1.0" encoding="utf-8"?>
<Project ToolsVersion="4.0" xmlns="http://schemas.microsoft.com/developer/msbuild/2003">
  <ItemGroup>
    <Filter Include="MB">
      <UniqueIdentifier>{74745900-6000-880B-C9AE-880BB559880B}</UniqueIdentifier>
    </Filter>
    <Filter Include="MB\Events">
      <UniqueIdentifier>{D815F9AF-4480-AD26-8DBE-5ECCF9678B7B}</UniqueIdentifier>
    </Filter>
  </ItemGroup>
  <ItemGroup>
    <ClInclude Include="src\MB.h" />
    <ClInclude Include="src\MB\Application.h">
      <Filter>MB</Filter>
    </ClInclude>
    <ClInclude Include="src\MB\Core.h">
      <Filter>MB</Filter>
    </ClInclude>
    <ClInclude Include="src\MB\EntryPoint.h">
      <Filter>MB</Filter>
    </ClInclude>
    <ClInclude Include="src\MB\Events\ApplicationEvent.h">
      <Filter>MB\Events</Filter>
    </ClInclude>
    <ClInclude Include="src\MB\Events\Event.h">
      <Filter>MB\Events</Filter>
    </ClInclude>
    <ClInclude Include="src\MB\Events\KeyEvent.h">
      <Filter>MB\Events</Filter>
    </ClInclude>
    <ClInclude Include="src\MB\Events\MouseEvent.h">
      <Filter>MB\Events</Filter>
    </ClInclude>
    <ClInclude Include="src\MB\Log.h">
      <Filter>MB</Filter>
    </ClInclude>
  </ItemGroup>
  <ItemGroup>
    <ClCompile Include="src\MB\Application.cpp">
      <Filter>MB</Filter>
    </ClCompile>
    <ClCompile Include="src\MB\Log.cpp">
      <Filter>MB</Filter>
    </ClCompile>
  </ItemGroup>
</Project>